
Microsoft Visual Studio Solution File, Format Version 12.00
# Visual Studio Version 17
VisualStudioVersion = 17.0.31903.59
MinimumVisualStudioVersion = 10.0.40219.1
Project("{2150E333-8FDC-42A3-9474-1A3956D46DE8}") = "src", "src", "{51930AE7-6A59-4AEF-ABB0-9A9ED4B51605}"
EndProject
Project("{FAE04EC0-301F-11D3-BF4B-00C04F79EFBC}") = "Patterns.Core", "src\Patterns.Core\Patterns.Core.csproj", "{8BDFEEA2-1632-4337-BC63-5680F411DDC1}"
EndProject
Project("{FAE04EC0-301F-11D3-BF4B-00C04F79EFBC}") = "Patterns.App", "src\Patterns.App\Patterns.App.csproj", "{04882CF2-38A9-43AB-B9A3-A5230D4DA040}"
EndProject
Project("{2150E333-8FDC-42A3-9474-1A3956D46DE8}") = "tests", "tests", "{43922A61-C561-41C4-BC62-5AB61E10F4EE}"
EndProject
Project("{FAE04EC0-301F-11D3-BF4B-00C04F79EFBC}") = "Patterns.Core.Tests", "tests\Patterns.Core.Tests\Patterns.Core.Tests.csproj", "{FEA78D21-737E-4D62-83ED-05C978A2DD8B}"
EndProject
Project("{FAE04EC0-301F-11D3-BF4B-00C04F79EFBC}") = "Patterns.App.Tests", "tests\Patterns.App.Tests\Patterns.App.Tests.csproj", "{628344AF-3107-4E2E-9BD2-C040CEE4699E}"
EndProject
Project("{FAE04EC0-301F-11D3-BF4B-00C04F79EFBC}") = "Patterns.Rendering", "src\Patterns.Rendering\Patterns.Rendering.csproj", "{56A9F303-2181-4851-873B-7F8917E46B90}"
EndProject
Project("{FAE04EC0-301F-11D3-BF4B-00C04F79EFBC}") = "Patterns.Ndi", "src\Patterns.Ndi\Patterns.Ndi.csproj", "{10B502B2-9C06-4195-B766-4F8A7EB46CCF}"
EndProject
Project("{FAE04EC0-301F-11D3-BF4B-00C04F79EFBC}") = "Patterns.Arcade", "src\Patterns.Arcade\Patterns.Arcade.csproj", "{5444DA3C-D6D6-483D-BAB7-491CD3F37367}"
EndProject
Global
	GlobalSection(SolutionConfigurationPlatforms) = preSolution
		Debug|Any CPU = Debug|Any CPU
		Debug|x64 = Debug|x64
		Debug|x86 = Debug|x86
		Release|Any CPU = Release|Any CPU
		Release|x64 = Release|x64
		Release|x86 = Release|x86
	EndGlobalSection
	GlobalSection(ProjectConfigurationPlatforms) = postSolution
		{8BDFEEA2-1632-4337-BC63-5680F411DDC1}.Debug|Any CPU.ActiveCfg = Debug|Any CPU
		{8BDFEEA2-1632-4337-BC63-5680F411DDC1}.Debug|Any CPU.Build.0 = Debug|Any CPU
		{8BDFEEA2-1632-4337-BC63-5680F411DDC1}.Debug|x64.ActiveCfg = Debug|Any CPU
		{8BDFEEA2-1632-4337-BC63-5680F411DDC1}.Debug|x64.Build.0 = Debug|Any CPU
		{8BDFEEA2-1632-4337-BC63-5680F411DDC1}.Debug|x86.ActiveCfg = Debug|Any CPU
		{8BDFEEA2-1632-4337-BC63-5680F411DDC1}.Debug|x86.Build.0 = Debug|Any CPU
		{8BDFEEA2-1632-4337-BC63-5680F411DDC1}.Release|Any CPU.ActiveCfg = Release|Any CPU
		{8BDFEEA2-1632-4337-BC63-5680F411DDC1}.Release|Any CPU.Build.0 = Release|Any CPU
		{8BDFEEA2-1632-4337-BC63-5680F411DDC1}.Release|x64.ActiveCfg = Release|Any CPU
		{8BDFEEA2-1632-4337-BC63-5680F411DDC1}.Release|x64.Build.0 = Release|Any CPU
		{8BDFEEA2-1632-4337-BC63-5680F411DDC1}.Release|x86.ActiveCfg = Release|Any CPU
		{8BDFEEA2-1632-4337-BC63-5680F411DDC1}.Release|x86.Build.0 = Release|Any CPU
		{04882CF2-38A9-43AB-B9A3-A5230D4DA040}.Debug|Any CPU.ActiveCfg = Debug|Any CPU
		{04882CF2-38A9-43AB-B9A3-A5230D4DA040}.Debug|Any CPU.Build.0 = Debug|Any CPU
		{04882CF2-38A9-43AB-B9A3-A5230D4DA040}.Debug|x64.ActiveCfg = Debug|Any CPU
		{04882CF2-38A9-43AB-B9A3-A5230D4DA040}.Debug|x64.Build.0 = Debug|Any CPU
		{04882CF2-38A9-43AB-B9A3-A5230D4DA040}.Debug|x86.ActiveCfg = Debug|Any CPU
		{04882CF2-38A9-43AB-B9A3-A5230D4DA040}.Debug|x86.Build.0 = Debug|Any CPU
		{04882CF2-38A9-43AB-B9A3-A5230D4DA040}.Release|Any CPU.ActiveCfg = Release|Any CPU
		{04882CF2-38A9-43AB-B9A3-A5230D4DA040}.Release|Any CPU.Build.0 = Release|Any CPU
		{04882CF2-38A9-43AB-B9A3-A5230D4DA040}.Release|x64.ActiveCfg = Release|Any CPU
		{04882CF2-38A9-43AB-B9A3-A5230D4DA040}.Release|x64.Build.0 = Release|Any CPU
		{04882CF2-38A9-43AB-B9A3-A5230D4DA040}.Release|x86.ActiveCfg = Release|Any CPU
		{04882CF2-38A9-43AB-B9A3-A5230D4DA040}.Release|x86.Build.0 = Release|Any CPU
		{FEA78D21-737E-4D62-83ED-05C978A2DD8B}.Debug|Any CPU.ActiveCfg = Debug|Any CPU
		{FEA78D21-737E-4D62-83ED-05C978A2DD8B}.Debug|Any CPU.Build.0 = Debug|Any CPU
		{FEA78D21-737E-4D62-83ED-05C978A2DD8B}.Debug|x64.ActiveCfg = Debug|Any CPU
		{FEA78D21-737E-4D62-83ED-05C978A2DD8B}.Debug|x64.Build.0 = Debug|Any CPU
		{FEA78D21-737E-4D62-83ED-05C978A2DD8B}.Debug|x86.ActiveCfg = Debug|Any CPU
		{FEA78D21-737E-4D62-83ED-05C978A2DD8B}.Debug|x86.Build.0 = Debug|Any CPU
		{FEA78D21-737E-4D62-83ED-05C978A2DD8B}.Release|Any CPU.ActiveCfg = Release|Any CPU
		{FEA78D21-737E-4D62-83ED-05C978A2DD8B}.Release|Any CPU.Build.0 = Release|Any CPU
		{FEA78D21-737E-4D62-83ED-05C978A2DD8B}.Release|x64.ActiveCfg = Release|Any CPU
		{FEA78D21-737E-4D62-83ED-05C978A2DD8B}.Release|x64.Build.0 = Release|Any CPU
		{FEA78D21-737E-4D62-83ED-05C978A2DD8B}.Release|x86.ActiveCfg = Release|Any CPU
		{FEA78D21-737E-4D62-83ED-05C978A2DD8B}.Release|x86.Build.0 = Release|Any CPU
		{628344AF-3107-4E2E-9BD2-C040CEE4699E}.Debug|Any CPU.ActiveCfg = Debug|Any CPU
		{628344AF-3107-4E2E-9BD2-C040CEE4699E}.Debug|Any CPU.Build.0 = Debug|Any CPU
		{628344AF-3107-4E2E-9BD2-C040CEE4699E}.Debug|x64.ActiveCfg = Debug|Any CPU
		{628344AF-3107-4E2E-9BD2-C040CEE4699E}.Debug|x64.Build.0 = Debug|Any CPU
		{628344AF-3107-4E2E-9BD2-C040CEE4699E}.Debug|x86.ActiveCfg = Debug|Any CPU
		{628344AF-3107-4E2E-9BD2-C040CEE4699E}.Debug|x86.Build.0 = Debug|Any CPU
		{628344AF-3107-4E2E-9BD2-C040CEE4699E}.Release|Any CPU.ActiveCfg = Release|Any CPU
		{628344AF-3107-4E2E-9BD2-C040CEE4699E}.Release|Any CPU.Build.0 = Release|Any CPU
		{628344AF-3107-4E2E-9BD2-C040CEE4699E}.Release|x64.ActiveCfg = Release|Any CPU
		{628344AF-3107-4E2E-9BD2-C040CEE4699E}.Release|x64.Build.0 = Release|Any CPU
		{628344AF-3107-4E2E-9BD2-C040CEE4699E}.Release|x86.ActiveCfg = Release|Any CPU
		{628344AF-3107-4E2E-9BD2-C040CEE4699E}.Release|x86.Build.0 = Release|Any CPU
		{56A9F303-2181-4851-873B-7F8917E46B90}.Debug|Any CPU.ActiveCfg = Debug|Any CPU
		{56A9F303-2181-4851-873B-7F8917E46B90}.Debug|Any CPU.Build.0 = Debug|Any CPU
		{56A9F303-2181-4851-873B-7F8917E46B90}.Debug|x64.ActiveCfg = Debug|Any CPU
		{56A9F303-2181-4851-873B-7F8917E46B90}.Debug|x64.Build.0 = Debug|Any CPU
		{56A9F303-2181-4851-873B-7F8917E46B90}.Debug|x86.ActiveCfg = Debug|Any CPU
		{56A9F303-2181-4851-873B-7F8917E46B90}.Debug|x86.Build.0 = Debug|Any CPU
		{56A9F303-2181-4851-873B-7F8917E46B90}.Release|Any CPU.ActiveCfg = Release|Any CPU
		{56A9F303-2181-4851-873B-7F8917E46B90}.Release|Any CPU.Build.0 = Release|Any CPU
		{56A9F303-2181-4851-873B-7F8917E46B90}.Release|x64.ActiveCfg = Release|Any CPU
		{56A9F303-2181-4851-873B-7F8917E46B90}.Release|x64.Build.0 = Release|Any CPU
		{56A9F303-2181-4851-873B-7F8917E46B90}.Release|x86.ActiveCfg = Release|Any CPU
		{56A9F303-2181-4851-873B-7F8917E46B90}.Release|x86.Build.0 = Release|Any CPU
		{10B502B2-9C06-4195-B766-4F8A7EB46CCF}.Debug|Any CPU.ActiveCfg = Debug|Any CPU
		{10B502B2-9C06-4195-B766-4F8A7EB46CCF}.Debug|Any CPU.Build.0 = Debug|Any CPU
		{10B502B2-9C06-4195-B766-4F8A7EB46CCF}.Debug|x64.ActiveCfg = Debug|Any CPU
		{10B502B2-9C06-4195-B766-4F8A7EB46CCF}.Debug|x64.Build.0 = Debug|Any CPU
		{10B502B2-9C06-4195-B766-4F8A7EB46CCF}.Debug|x86.ActiveCfg = Debug|Any CPU
		{10B502B2-9C06-4195-B766-4F8A7EB46CCF}.Debug|x86.Build.0 = Debug|Any CPU
		{10B502B2-9C06-4195-B766-4F8A7EB46CCF}.Release|Any CPU.ActiveCfg = Release|Any CPU
		{10B502B2-9C06-4195-B766-4F8A7EB46CCF}.Release|Any CPU.Build.0 = Release|Any CPU
		{10B502B2-9C06-4195-B766-4F8A7EB46CCF}.Release|x64.ActiveCfg = Release|Any CPU
		{10B502B2-9C06-4195-B766-4F8A7EB46CCF}.Release|x64.Build.0 = Release|Any CPU
		{10B502B2-9C06-4195-B766-4F8A7EB46CCF}.Release|x86.ActiveCfg = Release|Any CPU
		{10B502B2-9C06-4195-B766-4F8A7EB46CCF}.Release|x86.Build.0 = Release|Any CPU
		{5444DA3C-D6D6-483D-BAB7-491CD3F37367}.Debug|Any CPU.ActiveCfg = Debug|Any CPU
		{5444DA3C-D6D6-483D-BAB7-491CD3F37367}.Debug|Any CPU.Build.0 = Debug|Any CPU
		{5444DA3C-D6D6-483D-BAB7-491CD3F37367}.Debug|x64.ActiveCfg = Debug|Any CPU
		{5444DA3C-D6D6-483D-BAB7-491CD3F37367}.Debug|x64.Build.0 = Debug|Any CPU
		{5444DA3C-D6D6-483D-BAB7-491CD3F37367}.Debug|x86.ActiveCfg = Debug|Any CPU
		{5444DA3C-D6D6-483D-BAB7-491CD3F37367}.Debug|x86.Build.0 = Debug|Any CPU
		{5444DA3C-D6D6-483D-BAB7-491CD3F37367}.Release|Any CPU.ActiveCfg = Release|Any CPU
		{5444DA3C-D6D6-483D-BAB7-491CD3F37367}.Release|Any CPU.Build.0 = Release|Any CPU
		{5444DA3C-D6D6-483D-BAB7-491CD3F37367}.Release|x64.ActiveCfg = Release|Any CPU
		{5444DA3C-D6D6-483D-BAB7-491CD3F37367}.Release|x64.Build.0 = Release|Any CPU
		{5444DA3C-D6D6-483D-BAB7-491CD3F37367}.Release|x86.ActiveCfg = Release|Any CPU
		{5444DA3C-D6D6-483D-BAB7-491CD3F37367}.Release|x86.Build.0 = Release|Any CPU
	EndGlobalSection
	GlobalSection(SolutionProperties) = preSolution
		HideSolutionNode = FALSE
	EndGlobalSection
	GlobalSection(NestedProjects) = preSolution
		{8BDFEEA2-1632-4337-BC63-5680F411DDC1} = {51930AE7-6A59-4AEF-ABB0-9A9ED4B51605}
		{04882CF2-38A9-43AB-B9A3-A5230D4DA040} = {51930AE7-6A59-4AEF-ABB0-9A9ED4B51605}
		{FEA78D21-737E-4D62-83ED-05C978A2DD8B} = {43922A61-C561-41C4-BC62-5AB61E10F4EE}
		{628344AF-3107-4E2E-9BD2-C040CEE4699E} = {43922A61-C561-41C4-BC62-5AB61E10F4EE}
		{56A9F303-2181-4851-873B-7F8917E46B90} = {51930AE7-6A59-4AEF-ABB0-9A9ED4B51605}
		{10B502B2-9C06-4195-B766-4F8A7EB46CCF} = {51930AE7-6A59-4AEF-ABB0-9A9ED4B51605}
		{5444DA3C-D6D6-483D-BAB7-491CD3F37367} = {51930AE7-6A59-4AEF-ABB0-9A9ED4B51605}
	EndGlobalSection
EndGlobal
